
Microsoft Visual Studio Solution File, Format Version 12.00
# Visual Studio Version 16
VisualStudioVersion = 16.0.29920.165
MinimumVisualStudioVersion = 10.0.40219.1
Project("{FAE04EC0-301F-11D3-BF4B-00C04F79EFBC}") = "TicTacToe", "TicTacToe\TicTacToe.csproj", "{07394C68-3619-485A-95D0-013E0E2E0544}"
EndProject
Global
	GlobalSection(SolutionConfigurationPlatforms) = preSolution
		Debug|Any CPU = Debug|Any CPU
		Release|Any CPU = Release|Any CPU
	EndGlobalSection
	GlobalSection(ProjectConfigurationPlatforms) = postSolution
		{07394C68-3619-485A-95D0-013E0E2E0544}.Debug|Any CPU.ActiveCfg = Debug|Any CPU
		{07394C68-3619-485A-95D0-013E0E2E0544}.Debug|Any CPU.Build.0 = Debug|Any CPU
		{07394C68-3619-485A-95D0-013E0E2E0544}.Release|Any CPU.ActiveCfg = Release|Any CPU
		{07394C68-3619-485A-95D0-013E0E2E0544}.Release|Any CPU.Build.0 = Release|Any CPU
	EndGlobalSection
	GlobalSection(SolutionProperties) = preSolution
		HideSolutionNode = FALSE
	EndGlobalSection
	GlobalSection(ExtensibilityGlobals) = postSolution
		SolutionGuid = {C0F0A614-9661-412E-88A0-0231F825DC6F}
	EndGlobalSection
EndGlobal
